
Microsoft Visual Studio Solution File, Format Version 12.00
# Visual Studio 2012
Project("{FAE04EC0-301F-11D3-BF4B-00C04F79EFBC}") = "CafeteiraDaFast", "CafeteiraDaFast\CafeteiraDaFast.csproj", "{1B273981-0D67-4D49-966B-BFED6B4DD05A}"
EndProject
Project("{FAE04EC0-301F-11D3-BF4B-00C04F79EFBC}") = "CafeteiraDaFast.Tests", "CafeteiraDaFast.Tests\CafeteiraDaFast.Tests.csproj", "{71AA636E-89C2-4C6D-B6E5-EC6F42251B5E}"
EndProject
Global
	GlobalSection(SolutionConfigurationPlatforms) = preSolution
		Debug|Any CPU = Debug|Any CPU
		Release|Any CPU = Release|Any CPU
	EndGlobalSection
	GlobalSection(ProjectConfigurationPlatforms) = postSolution
		{1B273981-0D67-4D49-966B-BFED6B4DD05A}.Debug|Any CPU.ActiveCfg = Debug|Any CPU
		{1B273981-0D67-4D49-966B-BFED6B4DD05A}.Debug|Any CPU.Build.0 = Debug|Any CPU
		{1B273981-0D67-4D49-966B-BFED6B4DD05A}.Release|Any CPU.ActiveCfg = Release|Any CPU
		{1B273981-0D67-4D49-966B-BFED6B4DD05A}.Release|Any CPU.Build.0 = Release|Any CPU
		{71AA636E-89C2-4C6D-B6E5-EC6F42251B5E}.Debug|Any CPU.ActiveCfg = Debug|Any CPU
		{71AA636E-89C2-4C6D-B6E5-EC6F42251B5E}.Debug|Any CPU.Build.0 = Debug|Any CPU
		{71AA636E-89C2-4C6D-B6E5-EC6F42251B5E}.Release|Any CPU.ActiveCfg = Release|Any CPU
		{71AA636E-89C2-4C6D-B6E5-EC6F42251B5E}.Release|Any CPU.Build.0 = Release|Any CPU
	EndGlobalSection
	GlobalSection(SolutionProperties) = preSolution
		HideSolutionNode = FALSE
	EndGlobalSection
EndGlobal
