
Microsoft Visual Studio Solution File, Format Version 11.00
# Visual Studio 2010
Project("{FAE04EC0-301F-11D3-BF4B-00C04F79EFBC}") = "CafeteiraDaFast", "CafeteiraDaFast.WP7\CafeteiraDaFast.csproj", "{2D6649B8-63AE-4D2A-8118-E53527ABC43B}"
EndProject
Project("{FAE04EC0-301F-11D3-BF4B-00C04F79EFBC}") = "CafeteiraDaFast.Model", "CafeteiraDaFast.Model\CafeteiraDaFast.Model.csproj", "{0B27CA32-8B95-405A-B6A1-FFA80A33CEB3}"
EndProject
Project("{FAE04EC0-301F-11D3-BF4B-00C04F79EFBC}") = "CafeteiraDaFast.TaskAgent", "CafeteiraDaFast.TaskAgent\CafeteiraDaFast.TaskAgent.csproj", "{C1059895-2882-48AB-AAD1-343F6DE798C6}"
EndProject
Global
	GlobalSection(SolutionConfigurationPlatforms) = preSolution
		Debug|Any CPU = Debug|Any CPU
		Release|Any CPU = Release|Any CPU
	EndGlobalSection
	GlobalSection(ProjectConfigurationPlatforms) = postSolution
		{2D6649B8-63AE-4D2A-8118-E53527ABC43B}.Debug|Any CPU.ActiveCfg = Debug|Any CPU
		{2D6649B8-63AE-4D2A-8118-E53527ABC43B}.Debug|Any CPU.Build.0 = Debug|Any CPU
		{2D6649B8-63AE-4D2A-8118-E53527ABC43B}.Debug|Any CPU.Deploy.0 = Debug|Any CPU
		{2D6649B8-63AE-4D2A-8118-E53527ABC43B}.Release|Any CPU.ActiveCfg = Release|Any CPU
		{2D6649B8-63AE-4D2A-8118-E53527ABC43B}.Release|Any CPU.Build.0 = Release|Any CPU
		{2D6649B8-63AE-4D2A-8118-E53527ABC43B}.Release|Any CPU.Deploy.0 = Release|Any CPU
		{0B27CA32-8B95-405A-B6A1-FFA80A33CEB3}.Debug|Any CPU.ActiveCfg = Debug|Any CPU
		{0B27CA32-8B95-405A-B6A1-FFA80A33CEB3}.Debug|Any CPU.Build.0 = Debug|Any CPU
		{0B27CA32-8B95-405A-B6A1-FFA80A33CEB3}.Release|Any CPU.ActiveCfg = Release|Any CPU
		{0B27CA32-8B95-405A-B6A1-FFA80A33CEB3}.Release|Any CPU.Build.0 = Release|Any CPU
		{C1059895-2882-48AB-AAD1-343F6DE798C6}.Debug|Any CPU.ActiveCfg = Debug|Any CPU
		{C1059895-2882-48AB-AAD1-343F6DE798C6}.Debug|Any CPU.Build.0 = Debug|Any CPU
		{C1059895-2882-48AB-AAD1-343F6DE798C6}.Release|Any CPU.ActiveCfg = Release|Any CPU
		{C1059895-2882-48AB-AAD1-343F6DE798C6}.Release|Any CPU.Build.0 = Release|Any CPU
	EndGlobalSection
	GlobalSection(SolutionProperties) = preSolution
		HideSolutionNode = FALSE
	EndGlobalSection
EndGlobal
